
Microsoft Visual Studio Solution File, Format Version 12.00
# Visual Studio 14
VisualStudioVersion = 14.0.25420.1
MinimumVisualStudioVersion = 10.0.40219.1
Project("{FAE04EC0-301F-11D3-BF4B-00C04F79EFBC}") = "WeatherLibrary", "WeatherLibrary.csproj", "{3BC18D83-52B6-46B5-87E3-1AD981D2C29B}"
EndProject
Project("{FAE04EC0-301F-11D3-BF4B-00C04F79EFBC}") = "WeatherLibraryTests", "..\WeatherLibraryTests\WeatherLibraryTests.csproj", "{908BA39A-5015-4FD2-9B8E-1261EBC55C3F}"
EndProject
Global
	GlobalSection(SolutionConfigurationPlatforms) = preSolution
		Debug|Any CPU = Debug|Any CPU
		Release|Any CPU = Release|Any CPU
	EndGlobalSection
	GlobalSection(ProjectConfigurationPlatforms) = postSolution
		{3BC18D83-52B6-46B5-87E3-1AD981D2C29B}.Debug|Any CPU.ActiveCfg = Debug|Any CPU
		{3BC18D83-52B6-46B5-87E3-1AD981D2C29B}.Debug|Any CPU.Build.0 = Debug|Any CPU
		{3BC18D83-52B6-46B5-87E3-1AD981D2C29B}.Release|Any CPU.ActiveCfg = Release|Any CPU
		{3BC18D83-52B6-46B5-87E3-1AD981D2C29B}.Release|Any CPU.Build.0 = Release|Any CPU
		{908BA39A-5015-4FD2-9B8E-1261EBC55C3F}.Debug|Any CPU.ActiveCfg = Debug|Any CPU
		{908BA39A-5015-4FD2-9B8E-1261EBC55C3F}.Debug|Any CPU.Build.0 = Debug|Any CPU
		{908BA39A-5015-4FD2-9B8E-1261EBC55C3F}.Release|Any CPU.ActiveCfg = Release|Any CPU
		{908BA39A-5015-4FD2-9B8E-1261EBC55C3F}.Release|Any CPU.Build.0 = Release|Any CPU
	EndGlobalSection
	GlobalSection(SolutionProperties) = preSolution
		HideSolutionNode = FALSE
	EndGlobalSection
EndGlobal
